
Microsoft Visual Studio Solution File, Format Version 12.00
# Visual Studio 15
VisualStudioVersion = 15.0.27130.2020
MinimumVisualStudioVersion = 10.0.40219.1
Project("{FAE04EC0-301F-11D3-BF4B-00C04F79EFBC}") = "myAspNetWebApp", "myAspNetWebApp\myAspNetWebApp.csproj", "{4FB3BD40-F63C-4DB4-8FB9-DF100CABE5B2}"
EndProject
Project("{FAE04EC0-301F-11D3-BF4B-00C04F79EFBC}") = "myAspNetCoreApp", "myAspNetCoreApp\myAspNetCoreApp.csproj", "{9624F496-A04E-4E3C-8C02-6A94E2F89A53}"
EndProject
Project("{E53339B2-1760-4266-BCC7-CA923CBCF16C}") = "docker-compose", "docker-compose.dcproj", "{5427B42C-5512-4346-89BD-93F660C16423}"
EndProject
Global
	GlobalSection(SolutionConfigurationPlatforms) = preSolution
		Debug|Any CPU = Debug|Any CPU
		Release|Any CPU = Release|Any CPU
	EndGlobalSection
	GlobalSection(ProjectConfigurationPlatforms) = postSolution
		{4FB3BD40-F63C-4DB4-8FB9-DF100CABE5B2}.Debug|Any CPU.ActiveCfg = Debug|Any CPU
		{4FB3BD40-F63C-4DB4-8FB9-DF100CABE5B2}.Debug|Any CPU.Build.0 = Debug|Any CPU
		{4FB3BD40-F63C-4DB4-8FB9-DF100CABE5B2}.Release|Any CPU.ActiveCfg = Release|Any CPU
		{4FB3BD40-F63C-4DB4-8FB9-DF100CABE5B2}.Release|Any CPU.Build.0 = Release|Any CPU
		{9624F496-A04E-4E3C-8C02-6A94E2F89A53}.Debug|Any CPU.ActiveCfg = Debug|Any CPU
		{9624F496-A04E-4E3C-8C02-6A94E2F89A53}.Debug|Any CPU.Build.0 = Debug|Any CPU
		{9624F496-A04E-4E3C-8C02-6A94E2F89A53}.Release|Any CPU.ActiveCfg = Release|Any CPU
		{9624F496-A04E-4E3C-8C02-6A94E2F89A53}.Release|Any CPU.Build.0 = Release|Any CPU
		{5427B42C-5512-4346-89BD-93F660C16423}.Debug|Any CPU.ActiveCfg = Debug|Any CPU
		{5427B42C-5512-4346-89BD-93F660C16423}.Debug|Any CPU.Build.0 = Debug|Any CPU
		{5427B42C-5512-4346-89BD-93F660C16423}.Release|Any CPU.ActiveCfg = Release|Any CPU
		{5427B42C-5512-4346-89BD-93F660C16423}.Release|Any CPU.Build.0 = Release|Any CPU
	EndGlobalSection
	GlobalSection(SolutionProperties) = preSolution
		HideSolutionNode = FALSE
	EndGlobalSection
	GlobalSection(ExtensibilityGlobals) = postSolution
		SolutionGuid = {28C59A88-FC41-43AE-A5F1-362835975E22}
	EndGlobalSection
EndGlobal
